
Microsoft Visual Studio Solution File, Format Version 12.00
# Visual Studio Version 17
VisualStudioVersion = 17.5.2.0
MinimumVisualStudioVersion = 10.0.40219.1
Project("{9A19103F-16F7-4668-BE54-9A1E7A4F7556}") = "Vigos.Font", "Vigos.Font\Vigos.Font.csproj", "{92EBD5A0-68A5-48F0-9B98-0BE80D1DB916}"
EndProject
Project("{FAE04EC0-301F-11D3-BF4B-00C04F79EFBC}") = "Vigos.FontTest", "Vigos.FontTest\Vigos.FontTest.csproj", "{429B2490-7EA4-4572-BDAE-6ECA4DA410EE}"
EndProject
Global
	GlobalSection(SolutionConfigurationPlatforms) = preSolution
		Debug|Any CPU = Debug|Any CPU
		Release|Any CPU = Release|Any CPU
	EndGlobalSection
	GlobalSection(ProjectConfigurationPlatforms) = postSolution
		{92EBD5A0-68A5-48F0-9B98-0BE80D1DB916}.Debug|Any CPU.ActiveCfg = Debug|Any CPU
		{92EBD5A0-68A5-48F0-9B98-0BE80D1DB916}.Debug|Any CPU.Build.0 = Debug|Any CPU
		{92EBD5A0-68A5-48F0-9B98-0BE80D1DB916}.Release|Any CPU.ActiveCfg = Release|Any CPU
		{92EBD5A0-68A5-48F0-9B98-0BE80D1DB916}.Release|Any CPU.Build.0 = Release|Any CPU
		{429B2490-7EA4-4572-BDAE-6ECA4DA410EE}.Debug|Any CPU.ActiveCfg = Debug|Any CPU
		{429B2490-7EA4-4572-BDAE-6ECA4DA410EE}.Debug|Any CPU.Build.0 = Debug|Any CPU
		{429B2490-7EA4-4572-BDAE-6ECA4DA410EE}.Release|Any CPU.ActiveCfg = Release|Any CPU
		{429B2490-7EA4-4572-BDAE-6ECA4DA410EE}.Release|Any CPU.Build.0 = Release|Any CPU
	EndGlobalSection
	GlobalSection(SolutionProperties) = preSolution
		HideSolutionNode = FALSE
	EndGlobalSection
	GlobalSection(ExtensibilityGlobals) = postSolution
		SolutionGuid = {FD93A982-578B-4F54-91E3-271F3081F29C}
	EndGlobalSection
EndGlobal
